Microsoft Visual Studio Solution File, Format Version 10.00
# Visual Studio 2008

Project("{1D1B9258-CF35-CE48-D16E-91D7FB4D49EE}") = "Modder's Dream", "Assembly-CSharp-firstpass.csproj", "{F2C483DC-74ED-0115-44CC-B588E1C778FB}"
EndProject
Project("{1D1B9258-CF35-CE48-D16E-91D7FB4D49EE}") = "Modder's Dream", "Assembly-CSharp.csproj", "{B7B711F0-7907-AD36-117B-1702E0DFB463}"
EndProject
Project("{1D1B9258-CF35-CE48-D16E-91D7FB4D49EE}") = "Modder's Dream", "Assembly-CSharp-Editor.csproj", "{24C6D037-7DFF-4F88-A7D1-CCBB5DFC1EFB}"
EndProject
Global
	GlobalSection(SolutionConfigurationPlatforms) = preSolution
		Debug|Any CPU = Debug|Any CPU
		Release|Any CPU = Release|Any CPU
	EndGlobalSection
	GlobalSection(ProjectConfigurationPlatforms) = postSolution
		{F2C483DC-74ED-0115-44CC-B588E1C778FB}.Debug|Any CPU.ActiveCfg = Debug|Any CPU
		{F2C483DC-74ED-0115-44CC-B588E1C778FB}.Debug|Any CPU.Build.0 = Debug|Any CPU
		{F2C483DC-74ED-0115-44CC-B588E1C778FB}.Release|Any CPU.ActiveCfg = Release|Any CPU
		{F2C483DC-74ED-0115-44CC-B588E1C778FB}.Release|Any CPU.Build.0 = Release|Any CPU
		{B7B711F0-7907-AD36-117B-1702E0DFB463}.Debug|Any CPU.ActiveCfg = Debug|Any CPU
		{B7B711F0-7907-AD36-117B-1702E0DFB463}.Debug|Any CPU.Build.0 = Debug|Any CPU
		{B7B711F0-7907-AD36-117B-1702E0DFB463}.Release|Any CPU.ActiveCfg = Release|Any CPU
		{B7B711F0-7907-AD36-117B-1702E0DFB463}.Release|Any CPU.Build.0 = Release|Any CPU
		{24C6D037-7DFF-4F88-A7D1-CCBB5DFC1EFB}.Debug|Any CPU.ActiveCfg = Debug|Any CPU
		{24C6D037-7DFF-4F88-A7D1-CCBB5DFC1EFB}.Debug|Any CPU.Build.0 = Debug|Any CPU
		{24C6D037-7DFF-4F88-A7D1-CCBB5DFC1EFB}.Release|Any CPU.ActiveCfg = Release|Any CPU
		{24C6D037-7DFF-4F88-A7D1-CCBB5DFC1EFB}.Release|Any CPU.Build.0 = Release|Any CPU
	EndGlobalSection
	GlobalSection(SolutionProperties) = preSolution
		HideSolutionNode = FALSE
	EndGlobalSection
	GlobalSection(MonoDevelopProperties) = preSolution
		StartupItem = Assembly-CSharp.csproj
	EndGlobalSection
EndGlobal
